{
  "version": 4,
  "terraform_version": "1.14.7",
  "serial": 6,
  "lineage": "74d1edd4-eb36-81a1-3712-538d63e5f9d5",
  "outputs": {},
  "resources": [
    {
      "mode": "managed",
      "type": "docker_image",
      "name": "nginx_image",
      "provider": "provider[\"registry.terraform.io/kreuzwerker/docker\"]",
      "instances": [
        {
          "schema_version": 0,
          "attributes": {
            "build": [],
            "force_remove": null,
            "id": "sha256:c881927c4077710ac4b1da63b83aa163937fb47457950c267d92f7e4dedf4aecnginx:latest",
            "image_id": "sha256:c881927c4077710ac4b1da63b83aa163937fb47457950c267d92f7e4dedf4aec",
            "keep_locally": null,
            "name": "nginx:latest",
            "platform": null,
            "pull_triggers": null,
            "repo_digest": "nginx@sha256:c881927c4077710ac4b1da63b83aa163937fb47457950c267d92f7e4dedf4aec",
            "timeouts": null,
            "triggers": null
          },
          "sensitive_attributes": [],
          "identity_schema_version": 0,
          "private": "eyJlMmJmYjczMC1lY2FhLTExZTYtOGY4OC0zNDM2M2JjN2M0YzAiOnsiY3JlYXRlIjoxMjAwMDAwMDAwMDAwLCJkZWxldGUiOjEyMDAwMDAwMDAwMDAsInVwZGF0ZSI6MTIwMDAwMDAwMDAwMH19"
        }
      ]
    }
  ],
  "check_results": null
}
